{
  "version": 4,
  "terraform_version": "1.15.7",
  "serial": 5,
  "lineage": "57ac5a58-867d-159b-1705-2e3ba976f453",
  "outputs": {
    "rint1": {
      "value": 2,
      "type": "number"
    }
  },
  "resources": [
    {
      "mode": "managed",
      "type": "random_integer",
      "name": "rint",
      "provider": "provider[\"registry.terraform.io/hashicorp/random\"]",
      "instances": [
        {
          "schema_version": 0,
          "attributes": {
            "id": "2",
            "keepers": null,
            "max": 101,
            "min": 1,
            "result": 2,
            "seed": null
          },
          "sensitive_attributes": [],
          "identity_schema_version": 0
        }
      ]
    }
  ],
  "check_results": null
}
