{
  "version": 4,
  "terraform_version": "1.15.7",
  "serial": 4,
  "lineage": "4a6c6fd0-b4f7-2cd6-4c90-52725b1d5963",
  "outputs": {},
  "resources": [
    {
      "mode": "managed",
      "type": "random_integer",
      "name": "rint",
      "provider": "provider[\"registry.terraform.io/hashicorp/random\"]",
      "instances": [
        {
          "schema_version": 0,
          "attributes": {
            "id": "726",
            "keepers": null,
            "max": 1000,
            "min": 1,
            "result": 726,
            "seed": null
          },
          "sensitive_attributes": [],
          "identity_schema_version": 0,
          "create_before_destroy": true
        }
      ]
    }
  ],
  "check_results": null
}
