{
  "version": 4,
  "terraform_version": "1.15.7",
  "serial": 10,
  "lineage": "dd2b94ec-56e4-ef1e-5c8a-0797169dd6a9",
  "outputs": {},
  "resources": [
    {
      "mode": "managed",
      "type": "local_file",
      "name": "sample_res",
      "provider": "provider[\"registry.terraform.io/hashicorp/local\"]",
      "instances": [
        {
          "schema_version": 0,
          "attributes": {
            "content": "42",
            "content_base64": null,
            "content_base64sha256": "c0dctApWjo2ooEXO0RATfhWfiQrE2og7axfcZRs6gEk=",
            "content_base64sha512": "Ocp86ezGn2lr99ILsj3RUhtkH4Bsx6a3JKqmzb/7OgI/+YrnMiUVayxsnO3b/Bb1RT6PpJ/BDl2Wo4hVRqRu9A==",
            "content_md5": "a1d0c6e83f027327d8461063f4ac58a6",
            "content_sha1": "92cfceb39d57d914ed8b14d0e37643de0797ae56",
            "content_sha256": "73475cb40a568e8da8a045ced110137e159f890ac4da883b6b17dc651b3a8049",
            "content_sha512": "39ca7ce9ecc69f696bf7d20bb23dd1521b641f806cc7a6b724aaa6cdbffb3a023ff98ae73225156b2c6c9ceddbfc16f5453e8fa49fc10e5d96a3885546a46ef4",
            "directory_permission": "0777",
            "file_permission": "0700",
            "filename": "sample1.txt",
            "id": "92cfceb39d57d914ed8b14d0e37643de0797ae56",
            "sensitive_content": null,
            "source": null
          },
          "sensitive_attributes": [
            [
              {
                "type": "get_attr",
                "value": "sensitive_content"
              }
            ]
          ],
          "identity_schema_version": 0
        }
      ]
    }
  ],
  "check_results": null
}
