{
  "version": 4,
  "terraform_version": "1.15.7",
  "serial": 1,
  "lineage": "dd2b94ec-56e4-ef1e-5c8a-0797169dd6a9",
  "outputs": {},
  "resources": [
    {
      "mode": "managed",
      "type": "local_file",
      "name": "sample_res",
      "provider": "provider[\"registry.terraform.io/hashicorp/local\"]",
      "instances": [
        {
          "schema_version": 0,
          "attributes": {
            "content": "This is a sample file created by Terraform.",
            "content_base64": null,
            "content_base64sha256": "jMPzASd0+57CYWunN95Nel2m6e343ItIeUk7eJZIOXY=",
            "content_base64sha512": "TweStB6/hgyRR/a8rEyRkT+SdAOJuVRif6kJV63Zy71oF2os21w8DFLIL03Um9vpBzxRsNOZUsN9dexDTv8yDw==",
            "content_md5": "1be2e220860f9945a79d192ddffd8fda",
            "content_sha1": "cf104155daf4d1ebd2d73766dff6b362967bc489",
            "content_sha256": "8cc3f3012774fb9ec2616ba737de4d7a5da6e9edf8dc8b4879493b7896483976",
            "content_sha512": "4f0792b41ebf860c9147f6bcac4c91913f92740389b954627fa90957add9cbbd68176a2cdb5c3c0c52c82f4dd49bdbe9073c51b0d39952c37d75ec434eff320f",
            "directory_permission": "0777",
            "file_permission": "0700",
            "filename": "sample.txt",
            "id": "cf104155daf4d1ebd2d73766dff6b362967bc489",
            "sensitive_content": null,
            "source": null
          },
          "sensitive_attributes": [
            [
              {
                "type": "get_attr",
                "value": "sensitive_content"
              }
            ]
          ],
          "identity_schema_version": 0
        }
      ]
    }
  ],
  "check_results": null
}
